
Microsoft Visual Studio Solution File, Format Version 12.00
# Visual Studio Version 17
VisualStudioVersion = 17.6.33815.320
MinimumVisualStudioVersion = 10.0.40219.1
Project("{FAE04EC0-301F-11D3-BF4B-00C04F79EFBC}") = "ChallengeApp", "ChallengeApp\ChallengeApp.csproj", "{68174186-82DB-4E0D-929C-F6305A923B24}"
EndProject
Global
	GlobalSection(SolutionConfigurationPlatforms) = preSolution
		Debug|Any CPU = Debug|Any CPU
		Release|Any CPU = Release|Any CPU
	EndGlobalSection
	GlobalSection(ProjectConfigurationPlatforms) = postSolution
		{68174186-82DB-4E0D-929C-F6305A923B24}.Debug|Any CPU.ActiveCfg = Debug|Any CPU
		{68174186-82DB-4E0D-929C-F6305A923B24}.Debug|Any CPU.Build.0 = Debug|Any CPU
		{68174186-82DB-4E0D-929C-F6305A923B24}.Release|Any CPU.ActiveCfg = Release|Any CPU
		{68174186-82DB-4E0D-929C-F6305A923B24}.Release|Any CPU.Build.0 = Release|Any CPU
	EndGlobalSection
	GlobalSection(SolutionProperties) = preSolution
		HideSolutionNode = FALSE
	EndGlobalSection
	GlobalSection(ExtensibilityGlobals) = postSolution
		SolutionGuid = {3C2ABB85-CFE9-49BD-8A4B-05F23BB1A2E1}
	EndGlobalSection
EndGlobal
